
Microsoft Visual Studio Solution File, Format Version 12.00
# Visual Studio 15
VisualStudioVersion = 15.0.28307.757
MinimumVisualStudioVersion = 10.0.40219.1
Project("{2150E333-8FDC-42A3-9474-1A3956D46DE8}") = "Application", "Application", "{87870C27-FF89-4E69-BEB3-F571B13DEF14}"
EndProject
Project("{2150E333-8FDC-42A3-9474-1A3956D46DE8}") = "Domain", "Domain", "{42274558-F9E4-4F45-8DE3-B357D0EE83EF}"
EndProject
Project("{2150E333-8FDC-42A3-9474-1A3956D46DE8}") = "Infra.IoC", "Infra.IoC", "{EC5C0FA8-3AA2-4D7E-B61E-F1533AEE5DF9}"
EndProject
Project("{2150E333-8FDC-42A3-9474-1A3956D46DE8}") = "Infra.Data", "Infra.Data", "{95F23E01-61B4-4E15-9DB8-2ED816066A48}"
EndProject
Project("{2150E333-8FDC-42A3-9474-1A3956D46DE8}") = "Presentation", "Presentation", "{DCF8FC5C-F0DF-42B2-B6A8-B1F7FD25E345}"
EndProject
Project("{9A19103F-16F7-4668-BE54-9A1E7A4F7556}") = "CleanArch.Mvc", "CleanArch.Mvc\CleanArch.Mvc.csproj", "{F4915E85-0011-4F69-B14B-F3E690E40100}"
EndProject
Project("{FAE04EC0-301F-11D3-BF4B-00C04F79EFBC}") = "CleanArch.Domain", "CleanArch.Domain\CleanArch.Domain.csproj", "{6C16A5E1-645D-462C-8A4B-C97EEECCB010}"
EndProject
Global
	GlobalSection(SolutionConfigurationPlatforms) = preSolution
		Debug|Any CPU = Debug|Any CPU
		Release|Any CPU = Release|Any CPU
	EndGlobalSection
	GlobalSection(ProjectConfigurationPlatforms) = postSolution
		{F4915E85-0011-4F69-B14B-F3E690E40100}.Debug|Any CPU.ActiveCfg = Debug|Any CPU
		{F4915E85-0011-4F69-B14B-F3E690E40100}.Debug|Any CPU.Build.0 = Debug|Any CPU
		{F4915E85-0011-4F69-B14B-F3E690E40100}.Release|Any CPU.ActiveCfg = Release|Any CPU
		{F4915E85-0011-4F69-B14B-F3E690E40100}.Release|Any CPU.Build.0 = Release|Any CPU
		{6C16A5E1-645D-462C-8A4B-C97EEECCB010}.Debug|Any CPU.ActiveCfg = Debug|Any CPU
		{6C16A5E1-645D-462C-8A4B-C97EEECCB010}.Debug|Any CPU.Build.0 = Debug|Any CPU
		{6C16A5E1-645D-462C-8A4B-C97EEECCB010}.Release|Any CPU.ActiveCfg = Release|Any CPU
		{6C16A5E1-645D-462C-8A4B-C97EEECCB010}.Release|Any CPU.Build.0 = Release|Any CPU
	EndGlobalSection
	GlobalSection(SolutionProperties) = preSolution
		HideSolutionNode = FALSE
	EndGlobalSection
	GlobalSection(NestedProjects) = preSolution
		{F4915E85-0011-4F69-B14B-F3E690E40100} = {DCF8FC5C-F0DF-42B2-B6A8-B1F7FD25E345}
		{6C16A5E1-645D-462C-8A4B-C97EEECCB010} = {42274558-F9E4-4F45-8DE3-B357D0EE83EF}
	EndGlobalSection
	GlobalSection(ExtensibilityGlobals) = postSolution
		SolutionGuid = {61285286-F075-48BE-AC76-12F87A03A969}
	EndGlobalSection
EndGlobal
